
Microsoft Visual Studio Solution File, Format Version 12.00
# Visual Studio Version 16
VisualStudioVersion = 16.0.31424.327
MinimumVisualStudioVersion = 10.0.40219.1
Project("{FAE04EC0-301F-11D3-BF4B-00C04F79EFBC}") = "opp1_AnimalSample", "opp1_AnimalSample\opp1_AnimalSample.csproj", "{2080D4C5-DA8D-46AD-81C6-A43E58A72F30}"
EndProject
Global
	GlobalSection(SolutionConfigurationPlatforms) = preSolution
		Debug|Any CPU = Debug|Any CPU
		Release|Any CPU = Release|Any CPU
	EndGlobalSection
	GlobalSection(ProjectConfigurationPlatforms) = postSolution
		{2080D4C5-DA8D-46AD-81C6-A43E58A72F30}.Debug|Any CPU.ActiveCfg = Debug|Any CPU
		{2080D4C5-DA8D-46AD-81C6-A43E58A72F30}.Debug|Any CPU.Build.0 = Debug|Any CPU
		{2080D4C5-DA8D-46AD-81C6-A43E58A72F30}.Release|Any CPU.ActiveCfg = Release|Any CPU
		{2080D4C5-DA8D-46AD-81C6-A43E58A72F30}.Release|Any CPU.Build.0 = Release|Any CPU
	EndGlobalSection
	GlobalSection(SolutionProperties) = preSolution
		HideSolutionNode = FALSE
	EndGlobalSection
	GlobalSection(ExtensibilityGlobals) = postSolution
		SolutionGuid = {076D15FD-2211-4F61-B093-CE15F17D5239}
	EndGlobalSection
EndGlobal
